{
  "version": 4,
  "terraform_version": "1.12.2",
  "serial": 25,
  "lineage": "edf1506e-8281-0671-7089-1f026357a618",
  "outputs": {
    "all_urls": {
      "value": {
        "backend_internal": "https://internal-back-chat.converxa.com",
        "backend_production": "https://back-chat.converxa.com",
        "blue_direct": "http://144.126.223.181:3002/api/health",
        "frontend_internal": "https://internal-app.converxa.com",
        "frontend_production": "https://app-chat.converxa.com",
        "green_direct": "http://144.126.223.181:3003/api/health"
      },
      "type": [
        "object",
        {
          "backend_internal": "string",
          "backend_production": "string",
          "blue_direct": "string",
          "frontend_internal": "string",
          "frontend_production": "string",
          "green_direct": "string"
        }
      ]
    },
    "backend_internal_testing_url": {
      "value": "https://internal-back-chat.converxa.com",
      "type": "string"
    },
    "backend_production_url": {
      "value": "https://back-chat.converxa.com",
      "type": "string"
    },
    "blue_direct_url": {
      "value": "http://144.126.223.181:3002/api/health",
      "type": "string"
    },
    "blue_green_status": {
      "value": "ssh -i /home/frank/.ssh/converxa_digitalocean root@144.126.223.181 '/opt/converxa/blue-green-simple.sh status'",
      "type": "string"
    },
    "deployment_commands": {
      "value": {
        "bg_status": "ssh -i /home/frank/.ssh/converxa_digitalocean root@144.126.223.181 '/opt/converxa/blue-green-simple.sh status'",
        "frontend_deploy": "ssh -i /home/frank/.ssh/converxa_digitalocean root@144.126.223.181 '/opt/converxa/frontend-deploy.sh'",
        "full_deploy": "ssh -i /home/frank/.ssh/converxa_digitalocean root@144.126.223.181 '/opt/converxa/full-deploy.sh'",
        "ssh_connect": "ssh -i /home/frank/.ssh/converxa_digitalocean root@144.126.223.181"
      },
      "type": [
        "object",
        {
          "bg_status": "string",
          "frontend_deploy": "string",
          "full_deploy": "string",
          "ssh_connect": "string"
        }
      ]
    },
    "dns_record_fqdn": {
      "value": "back-chat.converxa.com",
      "type": "string"
    },
    "droplet_id": {
      "value": "503955310",
      "type": "string"
    },
    "droplet_ip": {
      "value": "144.126.223.181",
      "type": "string"
    },
    "droplet_urn": {
      "value": "do:droplet:503955310",
      "type": "string"
    },
    "frontend_dns_record_fqdn": {
      "value": "app-chat.converxa.com",
      "type": "string"
    },
    "frontend_internal_testing_url": {
      "value": "https://internal-app.converxa.com",
      "type": "string"
    },
    "frontend_production_url": {
      "value": "https://app-chat.converxa.com",
      "type": "string"
    },
    "green_direct_url": {
      "value": "http://144.126.223.181:3003/api/health",
      "type": "string"
    },
    "internal_dns_record_fqdn": {
      "value": "internal-back-chat.converxa.com",
      "type": "string"
    },
    "internal_frontend_dns_record_fqdn": {
      "value": "internal-app.converxa.com",
      "type": "string"
    },
    "ssh_connection": {
      "value": "ssh -i /home/frank/.ssh/converxa_digitalocean root@144.126.223.181",
      "type": "string"
    }
  },
  "resources": [
    {
      "mode": "data",
      "type": "digitalocean_project",
      "name": "existing",
      "provider": "provider[\"registry.terraform.io/digitalocean/digitalocean\"]",
      "instances": []
    },
    {
      "module": "module.droplet",
      "mode": "managed",
      "type": "digitalocean_droplet",
      "name": "backend",
      "provider": "provider[\"registry.terraform.io/digitalocean/digitalocean\"]",
      "instances": [
        {
          "schema_version": 1,
          "attributes": {
            "backup_policy": [],
            "backups": false,
            "created_at": "2025-06-23T20:26:12Z",
            "disk": 60,
            "droplet_agent": null,
            "graceful_shutdown": false,
            "id": "503955310",
            "image": "ubuntu-24-10-x64",
            "ipv4_address": "144.126.223.181",
            "ipv4_address_private": "10.124.0.3",
            "ipv6": false,
            "ipv6_address": "",
            "locked": false,
            "memory": 2048,
            "monitoring": false,
            "name": "converxa-prod",
            "price_hourly": 0.02679,
            "price_monthly": 18,
            "private_networking": true,
            "region": "sfo3",
            "resize_disk": true,
            "size": "s-2vcpu-2gb",
            "ssh_keys": [
              "ad:cb:df:64:6b:48:26:76:68:6d:e7:b5:83:12:d5:03"
            ],
            "status": "active",
            "tags": [],
            "timeouts": null,
            "urn": "do:droplet:503955310",
            "user_data": "6c95db70f5db8d8e62a3681e3635b813653022ec",
            "vcpus": 2,
            "volume_ids": [],
            "vpc_uuid": "592a417d-66a2-47a7-babf-1aa43ecccd9e"
          },
          "sensitive_attributes": [],
          "identity_schema_version": 0,
          "private": "eyJlMmJmYjczMC1lY2FhLTExZTYtOGY4OC0zNDM2M2JjN2M0YzAiOnsiY3JlYXRlIjozNjAwMDAwMDAwMDAwLCJkZWxldGUiOjYwMDAwMDAwMDAwLCJ1cGRhdGUiOjM2MDAwMDAwMDAwMDB9LCJzY2hlbWFfdmVyc2lvbiI6IjEifQ=="
        }
      ]
    }
  ],
  "check_results": null
}
